
Microsoft Visual Studio Solution File, Format Version 12.00
# Visual Studio Version 17
VisualStudioVersion = 17.7.34202.233
MinimumVisualStudioVersion = 10.0.40219.1
Project("{FAE04EC0-301F-11D3-BF4B-00C04F79EFBC}") = "Practica 6", "Practica 6\Practica 6.csproj", "{754B8D81-3F75-4E01-8258-A333A2D20930}"
EndProject
Global
	GlobalSection(SolutionConfigurationPlatforms) = preSolution
		Debug|Any CPU = Debug|Any CPU
		Release|Any CPU = Release|Any CPU
	EndGlobalSection
	GlobalSection(ProjectConfigurationPlatforms) = postSolution
		{754B8D81-3F75-4E01-8258-A333A2D20930}.Debug|Any CPU.ActiveCfg = Debug|Any CPU
		{754B8D81-3F75-4E01-8258-A333A2D20930}.Debug|Any CPU.Build.0 = Debug|Any CPU
		{754B8D81-3F75-4E01-8258-A333A2D20930}.Release|Any CPU.ActiveCfg = Release|Any CPU
		{754B8D81-3F75-4E01-8258-A333A2D20930}.Release|Any CPU.Build.0 = Release|Any CPU
	EndGlobalSection
	GlobalSection(SolutionProperties) = preSolution
		HideSolutionNode = FALSE
	EndGlobalSection
	GlobalSection(ExtensibilityGlobals) = postSolution
		SolutionGuid = {CB2A6164-9A28-4B34-B607-338A6EA16022}
	EndGlobalSection
EndGlobal
